{
  "name": "commons",
  "requires": true,
  "lockfileVersion": 1,
  "dependencies": {
    "nanoid": {
      "version": "3.1.13",
      "resolved": "https://registry.npmjs.org/nanoid/-/nanoid-3.1.13.tgz",
      "integrity": "sha512-oYL7jWZUdScASxYOrcwE8EvISFGzO3/1g+t56vCyR0s2nrpmBcOc7hTAFJaVf6HMyEPJrnNelnjRnMN6KZnCPA=="
    }
  }
}
